
Microsoft Visual Studio Solution File, Format Version 12.00
# Visual Studio 2012
Project("{FAE04EC0-301F-11D3-BF4B-00C04F79EFBC}") = "PointOfSaleSystem", "PointOfSaleSystem\PointOfSaleSystem.csproj", "{514AEE04-53C2-42B9-981C-2B3E98E09BC9}"
EndProject
Project("{FAE04EC0-301F-11D3-BF4B-00C04F79EFBC}") = "PointOfSaleSystem.Tests", "PointOfSaleSystem.Tests\PointOfSaleSystem.Tests.csproj", "{2EFD9EEC-8826-47A1-BA28-4E9C027FDD3B}"
EndProject
Global
	GlobalSection(SolutionConfigurationPlatforms) = preSolution
		Debug|Any CPU = Debug|Any CPU
		Release|Any CPU = Release|Any CPU
	EndGlobalSection
	GlobalSection(ProjectConfigurationPlatforms) = postSolution
		{514AEE04-53C2-42B9-981C-2B3E98E09BC9}.Debug|Any CPU.ActiveCfg = Debug|Any CPU
		{514AEE04-53C2-42B9-981C-2B3E98E09BC9}.Debug|Any CPU.Build.0 = Debug|Any CPU
		{514AEE04-53C2-42B9-981C-2B3E98E09BC9}.Release|Any CPU.ActiveCfg = Release|Any CPU
		{514AEE04-53C2-42B9-981C-2B3E98E09BC9}.Release|Any CPU.Build.0 = Release|Any CPU
		{2EFD9EEC-8826-47A1-BA28-4E9C027FDD3B}.Debug|Any CPU.ActiveCfg = Debug|Any CPU
		{2EFD9EEC-8826-47A1-BA28-4E9C027FDD3B}.Debug|Any CPU.Build.0 = Debug|Any CPU
		{2EFD9EEC-8826-47A1-BA28-4E9C027FDD3B}.Release|Any CPU.ActiveCfg = Release|Any CPU
		{2EFD9EEC-8826-47A1-BA28-4E9C027FDD3B}.Release|Any CPU.Build.0 = Release|Any CPU
	EndGlobalSection
	GlobalSection(SolutionProperties) = preSolution
		HideSolutionNode = FALSE
	EndGlobalSection
EndGlobal
