
Microsoft Visual Studio Solution File, Format Version 12.00
# Visual Studio 2012
Project("{FAE04EC0-301F-11D3-BF4B-00C04F79EFBC}") = "ProductsManagementApp", "ProductsManagementApp\ProductsManagementApp.csproj", "{7FFFEAF1-77B1-4FBE-A9B0-1B6C2EB8708E}"
EndProject
Global
	GlobalSection(SolutionConfigurationPlatforms) = preSolution
		Debug|Any CPU = Debug|Any CPU
		Release|Any CPU = Release|Any CPU
	EndGlobalSection
	GlobalSection(ProjectConfigurationPlatforms) = postSolution
		{7FFFEAF1-77B1-4FBE-A9B0-1B6C2EB8708E}.Debug|Any CPU.ActiveCfg = Debug|Any CPU
		{7FFFEAF1-77B1-4FBE-A9B0-1B6C2EB8708E}.Debug|Any CPU.Build.0 = Debug|Any CPU
		{7FFFEAF1-77B1-4FBE-A9B0-1B6C2EB8708E}.Release|Any CPU.ActiveCfg = Release|Any CPU
		{7FFFEAF1-77B1-4FBE-A9B0-1B6C2EB8708E}.Release|Any CPU.Build.0 = Release|Any CPU
	EndGlobalSection
	GlobalSection(SolutionProperties) = preSolution
		HideSolutionNode = FALSE
	EndGlobalSection
EndGlobal
